
Microsoft Visual Studio Solution File, Format Version 12.00
Project("{FAE04EC0-301F-11D3-BF4B-00C04F79EFBC}") = "Generator", "Generator\Generator.csproj", "{0F9EABF3-682F-4CDE-932A-A17CBD53ACEB}"
EndProject
Project("{FAE04EC0-301F-11D3-BF4B-00C04F79EFBC}") = "WowLoginMessages", "WowLoginMessages\WowLoginMessages.csproj", "{F3EA2B7C-A29F-4F2D-89B8-4428B0CF5938}"
EndProject
Project("{FAE04EC0-301F-11D3-BF4B-00C04F79EFBC}") = "WowLoginMessages.Test", "WowLoginMessages.Test\WowLoginMessages.Test.csproj", "{F874CC62-FA3C-47A8-AD5D-42650D6CC7ED}"
EndProject
Project("{FAE04EC0-301F-11D3-BF4B-00C04F79EFBC}") = "WowMessages.ServerTest", "WowMessages.ServerTest\WowMessages.ServerTest.csproj", "{DB3B6AAC-6D7F-4A35-8D8C-A9E4F4A27E2C}"
EndProject
Project("{FAE04EC0-301F-11D3-BF4B-00C04F79EFBC}") = "WowWorldMessages", "WowWorldMessages\WowWorldMessages.csproj", "{1F4B528E-F02E-4A78-A100-55E642A94171}"
EndProject
Project("{FAE04EC0-301F-11D3-BF4B-00C04F79EFBC}") = "WowWorldMessages.Test", "WowWorldMessages.Test\WowWorldMessages.Test.csproj", "{49BA9A7C-241A-4AB3-A9E0-3350B1E99010}"
EndProject
Global
	GlobalSection(SolutionConfigurationPlatforms) = preSolution
		Debug|Any CPU = Debug|Any CPU
		Release|Any CPU = Release|Any CPU
	EndGlobalSection
	GlobalSection(ProjectConfigurationPlatforms) = postSolution
		{0F9EABF3-682F-4CDE-932A-A17CBD53ACEB}.Debug|Any CPU.ActiveCfg = Debug|Any CPU
		{0F9EABF3-682F-4CDE-932A-A17CBD53ACEB}.Debug|Any CPU.Build.0 = Debug|Any CPU
		{0F9EABF3-682F-4CDE-932A-A17CBD53ACEB}.Release|Any CPU.ActiveCfg = Release|Any CPU
		{0F9EABF3-682F-4CDE-932A-A17CBD53ACEB}.Release|Any CPU.Build.0 = Release|Any CPU
		{F3EA2B7C-A29F-4F2D-89B8-4428B0CF5938}.Debug|Any CPU.ActiveCfg = Debug|Any CPU
		{F3EA2B7C-A29F-4F2D-89B8-4428B0CF5938}.Debug|Any CPU.Build.0 = Debug|Any CPU
		{F3EA2B7C-A29F-4F2D-89B8-4428B0CF5938}.Release|Any CPU.ActiveCfg = Release|Any CPU
		{F3EA2B7C-A29F-4F2D-89B8-4428B0CF5938}.Release|Any CPU.Build.0 = Release|Any CPU
		{F874CC62-FA3C-47A8-AD5D-42650D6CC7ED}.Debug|Any CPU.ActiveCfg = Debug|Any CPU
		{F874CC62-FA3C-47A8-AD5D-42650D6CC7ED}.Debug|Any CPU.Build.0 = Debug|Any CPU
		{F874CC62-FA3C-47A8-AD5D-42650D6CC7ED}.Release|Any CPU.ActiveCfg = Release|Any CPU
		{F874CC62-FA3C-47A8-AD5D-42650D6CC7ED}.Release|Any CPU.Build.0 = Release|Any CPU
		{DB3B6AAC-6D7F-4A35-8D8C-A9E4F4A27E2C}.Debug|Any CPU.ActiveCfg = Debug|Any CPU
		{DB3B6AAC-6D7F-4A35-8D8C-A9E4F4A27E2C}.Debug|Any CPU.Build.0 = Debug|Any CPU
		{DB3B6AAC-6D7F-4A35-8D8C-A9E4F4A27E2C}.Release|Any CPU.ActiveCfg = Release|Any CPU
		{DB3B6AAC-6D7F-4A35-8D8C-A9E4F4A27E2C}.Release|Any CPU.Build.0 = Release|Any CPU
		{1F4B528E-F02E-4A78-A100-55E642A94171}.Debug|Any CPU.ActiveCfg = Debug|Any CPU
		{1F4B528E-F02E-4A78-A100-55E642A94171}.Debug|Any CPU.Build.0 = Debug|Any CPU
		{1F4B528E-F02E-4A78-A100-55E642A94171}.Release|Any CPU.ActiveCfg = Release|Any CPU
		{1F4B528E-F02E-4A78-A100-55E642A94171}.Release|Any CPU.Build.0 = Release|Any CPU
		{49BA9A7C-241A-4AB3-A9E0-3350B1E99010}.Debug|Any CPU.ActiveCfg = Debug|Any CPU
		{49BA9A7C-241A-4AB3-A9E0-3350B1E99010}.Debug|Any CPU.Build.0 = Debug|Any CPU
		{49BA9A7C-241A-4AB3-A9E0-3350B1E99010}.Release|Any CPU.ActiveCfg = Release|Any CPU
		{49BA9A7C-241A-4AB3-A9E0-3350B1E99010}.Release|Any CPU.Build.0 = Release|Any CPU
	EndGlobalSection
EndGlobal
